
Microsoft Visual Studio Solution File, Format Version 12.00
# Visual Studio Version 16
VisualStudioVersion = 16.0.30717.126
MinimumVisualStudioVersion = 10.0.40219.1
Project("{9A19103F-16F7-4668-BE54-9A1E7A4F7556}") = "NeighborGood.API", "NeighborGood.API\NeighborGood.API.csproj", "{81C0C03A-FE75-4F7B-9931-C94FDE0E8AD5}"
	ProjectSection(ProjectDependencies) = postProject
		{4562CD2F-6BBC-494D-B56C-6C7061ACF8EF} = {4562CD2F-6BBC-494D-B56C-6C7061ACF8EF}
		{1A8F40EB-7F75-459F-BB1F-E67ED2C3506D} = {1A8F40EB-7F75-459F-BB1F-E67ED2C3506D}
	EndProjectSection
EndProject
Project("{9A19103F-16F7-4668-BE54-9A1E7A4F7556}") = "NeighborGood.MSSQL", "NeighborGood.MSSQL\NeighborGood.MSSQL.csproj", "{4562CD2F-6BBC-494D-B56C-6C7061ACF8EF}"
EndProject
Project("{9A19103F-16F7-4668-BE54-9A1E7A4F7556}") = "NeighborGood.Models", "NeighborGood.Models\NeighborGood.Models.csproj", "{1A8F40EB-7F75-459F-BB1F-E67ED2C3506D}"
EndProject
Project("{E53339B2-1760-4266-BCC7-CA923CBCF16C}") = "docker-compose", "docker-compose.dcproj", "{F8029696-9875-45DD-B4B7-B960F499D2D3}"
EndProject
Global
	GlobalSection(SolutionConfigurationPlatforms) = preSolution
		Debug|Any CPU = Debug|Any CPU
		Release|Any CPU = Release|Any CPU
	EndGlobalSection
	GlobalSection(ProjectConfigurationPlatforms) = postSolution
		{81C0C03A-FE75-4F7B-9931-C94FDE0E8AD5}.Debug|Any CPU.ActiveCfg = Debug|Any CPU
		{81C0C03A-FE75-4F7B-9931-C94FDE0E8AD5}.Debug|Any CPU.Build.0 = Debug|Any CPU
		{81C0C03A-FE75-4F7B-9931-C94FDE0E8AD5}.Release|Any CPU.ActiveCfg = Release|Any CPU
		{81C0C03A-FE75-4F7B-9931-C94FDE0E8AD5}.Release|Any CPU.Build.0 = Release|Any CPU
		{4562CD2F-6BBC-494D-B56C-6C7061ACF8EF}.Debug|Any CPU.ActiveCfg = Debug|Any CPU
		{4562CD2F-6BBC-494D-B56C-6C7061ACF8EF}.Debug|Any CPU.Build.0 = Debug|Any CPU
		{4562CD2F-6BBC-494D-B56C-6C7061ACF8EF}.Release|Any CPU.ActiveCfg = Release|Any CPU
		{4562CD2F-6BBC-494D-B56C-6C7061ACF8EF}.Release|Any CPU.Build.0 = Release|Any CPU
		{1A8F40EB-7F75-459F-BB1F-E67ED2C3506D}.Debug|Any CPU.ActiveCfg = Debug|Any CPU
		{1A8F40EB-7F75-459F-BB1F-E67ED2C3506D}.Debug|Any CPU.Build.0 = Debug|Any CPU
		{1A8F40EB-7F75-459F-BB1F-E67ED2C3506D}.Release|Any CPU.ActiveCfg = Release|Any CPU
		{1A8F40EB-7F75-459F-BB1F-E67ED2C3506D}.Release|Any CPU.Build.0 = Release|Any CPU
		{F8029696-9875-45DD-B4B7-B960F499D2D3}.Debug|Any CPU.ActiveCfg = Debug|Any CPU
		{F8029696-9875-45DD-B4B7-B960F499D2D3}.Debug|Any CPU.Build.0 = Debug|Any CPU
		{F8029696-9875-45DD-B4B7-B960F499D2D3}.Release|Any CPU.ActiveCfg = Release|Any CPU
		{F8029696-9875-45DD-B4B7-B960F499D2D3}.Release|Any CPU.Build.0 = Release|Any CPU
	EndGlobalSection
	GlobalSection(SolutionProperties) = preSolution
		HideSolutionNode = FALSE
	EndGlobalSection
	GlobalSection(ExtensibilityGlobals) = postSolution
		SolutionGuid = {EB1B9850-AA68-414D-8E1C-614B96CF580B}
	EndGlobalSection
EndGlobal
